{
  "object": {
    "pins": [
      {
        "package": "async-http-client",
        "repositoryURL": "https://github.com/swift-server/async-http-client.git",
        "state": {
          "branch": null,
          "revision": "48e284d1ea6d0e8baac1af1c4ad8bd298670caf6",
          "version": "1.0.1"
        }
      },
      {
        "package": "async-kit",
        "repositoryURL": "https://github.com/vapor/async-kit.git",
        "state": {
          "branch": null,
          "revision": "8e9d41f31848809732661563b334c1bb1c93cf1a",
          "version": "1.0.0-beta.2.2"
        }
      },
      {
        "package": "console-kit",
        "repositoryURL": "https://github.com/vapor/console-kit.git",
        "state": {
          "branch": null,
          "revision": "54585747b6a5c435b7852c026028710fd7a94bec",
          "version": "4.0.0-beta.2.1"
        }
      },
      {
        "package": "fluent",
        "repositoryURL": "https://github.com/vapor/fluent.git",
        "state": {
          "branch": null,
          "revision": "8dede23ab67388cbc98ac436bd8e47360aec7047",
          "version": "4.0.0-beta.2.3"
        }
      },
      {
        "package": "fluent-kit",
        "repositoryURL": "https://github.com/vapor/fluent-kit.git",
        "state": {
          "branch": null,
          "revision": "e646d7097704d2f5f486ca895f9cd60bf883362d",
          "version": "1.0.0-beta.2.13"
        }
      },
      {
        "package": "fluent-mysql-driver",
        "repositoryURL": "https://github.com/vapor/fluent-mysql-driver.git",
        "state": {
          "branch": null,
          "revision": "44e33fb5f71a000b7b819be8da222325d832620b",
          "version": "4.0.0-beta.2.2"
        }
      },
      {
        "package": "jwt",
        "repositoryURL": "https://github.com/vapor/jwt.git",
        "state": {
          "branch": null,
          "revision": "9e121e0dc7fa169a60e20f263a09b4eab444180c",
          "version": "4.0.0-beta.2"
        }
      },
      {
        "package": "jwt-kit",
        "repositoryURL": "https://github.com/vapor/jwt-kit.git",
        "state": {
          "branch": null,
          "revision": "01c623f7dd82c3d4fd020ce87f19d858449989d3",
          "version": "4.0.0-beta.2.2"
        }
      },
      {
        "package": "multipart-kit",
        "repositoryURL": "https://github.com/vapor/multipart-kit.git",
        "state": {
          "branch": null,
          "revision": "b41a49b5756ac3fbf8f2b07228a7e75f9b60731a",
          "version": "4.0.0-beta.2"
        }
      },
      {
        "package": "mysql-kit",
        "repositoryURL": "https://github.com/vapor/mysql-kit.git",
        "state": {
          "branch": null,
          "revision": "bbd0e70493aa8facbeb2951b1dfa2de6f9b13409",
          "version": "4.0.0-beta.3.1"
        }
      },
      {
        "package": "mysql-nio",
        "repositoryURL": "https://github.com/vapor/mysql-nio.git",
        "state": {
          "branch": null,
          "revision": "45321a5bae0df89dfff51f6534183fbbeaf8494b",
          "version": "1.0.0-beta.2.3"
        }
      },
      {
        "package": "open-crypto",
        "repositoryURL": "https://github.com/vapor/open-crypto.git",
        "state": {
          "branch": null,
          "revision": "90c49bc68ee6d992fa13cf84ca8fc54b97eaf4cc",
          "version": "4.0.0-beta.2"
        }
      },
      {
        "package": "routing-kit",
        "repositoryURL": "https://github.com/vapor/routing-kit.git",
        "state": {
          "branch": null,
          "revision": "6a8a1636ad26494b03f3c72d74a420fc3a44949c",
          "version": "4.0.0-beta.3"
        }
      },
      {
        "package": "sql-kit",
        "repositoryURL": "https://github.com/vapor/sql-kit.git",
        "state": {
          "branch": null,
          "revision": "371bdf2b47f2751fe3c44660a2e854a8f19074d8",
          "version": "3.0.0-beta.4"
        }
      },
      {
        "package": "swift-backtrace",
        "repositoryURL": "https://github.com/ianpartridge/swift-backtrace.git",
        "state": {
          "branch": null,
          "revision": "eaf2cef011c0c23d1701aa60b364def8015dc3c7",
          "version": "1.1.1"
        }
      },
      {
        "package": "swift-log",
        "repositoryURL": "https://github.com/apple/swift-log.git",
        "state": {
          "branch": null,
          "revision": "74d7b91ceebc85daf387ebb206003f78813f71aa",
          "version": "1.2.0"
        }
      },
      {
        "package": "swift-metrics",
        "repositoryURL": "https://github.com/apple/swift-metrics.git",
        "state": {
          "branch": null,
          "revision": "3fefedaaef285830cc98ae80231140122076a7e0",
          "version": "1.2.0"
        }
      },
      {
        "package": "swift-nio",
        "repositoryURL": "https://github.com/apple/swift-nio.git",
        "state": {
          "branch": null,
          "revision": "4409b57d4c0c40d41ac2b320fccf02e4d451e3db",
          "version": "2.13.0"
        }
      },
      {
        "package": "swift-nio-extras",
        "repositoryURL": "https://github.com/apple/swift-nio-extras.git",
        "state": {
          "branch": null,
          "revision": "b4dbfacff47fb8d0f9e0a422d8d37935a9f10570",
          "version": "1.4.0"
        }
      },
      {
        "package": "swift-nio-http2",
        "repositoryURL": "https://github.com/apple/swift-nio-http2.git",
        "state": {
          "branch": null,
          "revision": "c1bfb7ce3f201e41ff60ef38fa63e67e0eb66a24",
          "version": "1.9.0"
        }
      },
      {
        "package": "swift-nio-ssl",
        "repositoryURL": "https://github.com/apple/swift-nio-ssl.git",
        "state": {
          "branch": null,
          "revision": "cf54f5c1db1c3740a6c7d662dc8569c150c3846c",
          "version": "2.6.0"
        }
      },
      {
        "package": "vapor",
        "repositoryURL": "https://github.com/vapor/vapor.git",
        "state": {
          "branch": null,
          "revision": "67165212d2f18b1f9a5df4eb27638e1f88ecbccf",
          "version": "4.0.0-beta.3.10"
        }
      },
      {
        "package": "websocket-kit",
        "repositoryURL": "https://github.com/vapor/websocket-kit.git",
        "state": {
          "branch": null,
          "revision": "766b4b0005a158550c345671c8e7cea42af104b6",
          "version": "2.0.0-beta.2.3"
        }
      }
    ]
  },
  "version": 1
}
