{
  "object": {
    "pins": [
      {
        "package": "async-http-client",
        "repositoryURL": "https://github.com/swift-server/async-http-client.git",
        "state": {
          "branch": null,
          "revision": "037b70291941fe43de668066eb6fb802c5e181d2",
          "version": "1.1.1"
        }
      },
      {
        "package": "async-kit",
        "repositoryURL": "https://github.com/vapor/async-kit.git",
        "state": {
          "branch": null,
          "revision": "48a719dec79ea3cbbc71ca9b29f69df7cd5794cd",
          "version": "1.0.1"
        }
      },
      {
        "package": "console-kit",
        "repositoryURL": "https://github.com/vapor/console-kit.git",
        "state": {
          "branch": null,
          "revision": "7a97a5ea7fefe61cf2c943242113125b0f396a98",
          "version": "4.1.0"
        }
      },
      {
        "package": "fluent",
        "repositoryURL": "https://github.com/vapor/fluent.git",
        "state": {
          "branch": null,
          "revision": "4401a7ecceabc23052ed4255c2b1d68dc20e71fb",
          "version": "4.0.0-rc.2"
        }
      },
      {
        "package": "fluent-kit",
        "repositoryURL": "https://github.com/vapor/fluent-kit.git",
        "state": {
          "branch": null,
          "revision": "4f3ec755ea8a011eeb056c34ac18c9ec826b402b",
          "version": "1.0.0-rc.1.19"
        }
      },
      {
        "package": "fluent-mysql-driver",
        "repositoryURL": "https://github.com/vapor/fluent-mysql-driver.git",
        "state": {
          "branch": null,
          "revision": "2505b20d5ddaaff201838809803ff61956463824",
          "version": "4.0.0-rc.1.1"
        }
      },
      {
        "package": "jwt",
        "repositoryURL": "https://github.com/vapor/jwt.git",
        "state": {
          "branch": null,
          "revision": "8c1681e9497b72430fa62962f61339d3573c7b0f",
          "version": "4.0.0-rc.2"
        }
      },
      {
        "package": "jwt-kit",
        "repositoryURL": "https://github.com/vapor/jwt-kit.git",
        "state": {
          "branch": null,
          "revision": "c4111580bbf37aefd5182a93ecb2906a216199b3",
          "version": "4.0.0-rc.1.3"
        }
      },
      {
        "package": "mysql-kit",
        "repositoryURL": "https://github.com/vapor/mysql-kit.git",
        "state": {
          "branch": null,
          "revision": "35c9ea317fbc1109fd3c9719b4d3690795ea7c19",
          "version": "4.0.0-rc.1.3"
        }
      },
      {
        "package": "mysql-nio",
        "repositoryURL": "https://github.com/vapor/mysql-nio.git",
        "state": {
          "branch": null,
          "revision": "819479d53d34c6d53a5bdaa04798d39a459bb7fa",
          "version": "1.0.0-rc.1.1"
        }
      },
      {
        "package": "routing-kit",
        "repositoryURL": "https://github.com/vapor/routing-kit.git",
        "state": {
          "branch": null,
          "revision": "35da702471cbcc308f58d38aa8fea971fa3fb166",
          "version": "4.0.0"
        }
      },
      {
        "package": "sendgrid-provider",
        "repositoryURL": "https://github.com/skelpo/sendgrid-provider.git",
        "state": {
          "branch": null,
          "revision": "6be9fcc0c04d5616e7566e9aa17821c995705aa4",
          "version": "4.0.4"
        }
      },
      {
        "package": "SimpleJWTMiddleware",
        "repositoryURL": "https://github.com/proggeramlug/SimpleJWTMiddleware.git",
        "state": {
          "branch": "master",
          "revision": "5a0387ab2ad6c5f8fe3098760cf484a5c65ef7dc",
          "version": null
        }
      },
      {
        "package": "sql-kit",
        "repositoryURL": "https://github.com/vapor/sql-kit.git",
        "state": {
          "branch": null,
          "revision": "64c2af0321cd6445982d6873d100cc62e16afcf7",
          "version": "3.0.0-rc.1.2"
        }
      },
      {
        "package": "swift-backtrace",
        "repositoryURL": "https://github.com/swift-server/swift-backtrace.git",
        "state": {
          "branch": null,
          "revision": "f2fd8c4845a123419c348e0bc4b3839c414077d5",
          "version": "1.2.0"
        }
      },
      {
        "package": "swift-crypto",
        "repositoryURL": "https://github.com/apple/swift-crypto.git",
        "state": {
          "branch": null,
          "revision": "d67ac68d09a95443303e9d6e37b34e7ba101d5f1",
          "version": "1.0.1"
        }
      },
      {
        "package": "swift-log",
        "repositoryURL": "https://github.com/apple/swift-log.git",
        "state": {
          "branch": null,
          "revision": "74d7b91ceebc85daf387ebb206003f78813f71aa",
          "version": "1.2.0"
        }
      },
      {
        "package": "swift-metrics",
        "repositoryURL": "https://github.com/apple/swift-metrics.git",
        "state": {
          "branch": null,
          "revision": "708b960b4605abb20bc55d65abf6bad607252200",
          "version": "2.0.0"
        }
      },
      {
        "package": "swift-nio",
        "repositoryURL": "https://github.com/apple/swift-nio.git",
        "state": {
          "branch": null,
          "revision": "e876fb37410e0036b98b5361bb18e6854739572b",
          "version": "2.16.0"
        }
      },
      {
        "package": "swift-nio-extras",
        "repositoryURL": "https://github.com/apple/swift-nio-extras.git",
        "state": {
          "branch": null,
          "revision": "b4dbfacff47fb8d0f9e0a422d8d37935a9f10570",
          "version": "1.4.0"
        }
      },
      {
        "package": "swift-nio-http2",
        "repositoryURL": "https://github.com/apple/swift-nio-http2.git",
        "state": {
          "branch": null,
          "revision": "82eb3fa0974b838358ee46bc6c5381e5ae5de6b9",
          "version": "1.11.0"
        }
      },
      {
        "package": "swift-nio-ssl",
        "repositoryURL": "https://github.com/apple/swift-nio-ssl.git",
        "state": {
          "branch": null,
          "revision": "ae213938e151964aa691f0e902462fbe06baeeb6",
          "version": "2.7.1"
        }
      },
      {
        "package": "vapor",
        "repositoryURL": "https://github.com/vapor/vapor.git",
        "state": {
          "branch": null,
          "revision": "089361cf633080028c2f15d58e0fd6e48c64f323",
          "version": "4.0.1"
        }
      },
      {
        "package": "websocket-kit",
        "repositoryURL": "https://github.com/vapor/websocket-kit.git",
        "state": {
          "branch": null,
          "revision": "f46778e3f1452cc80a0a6c422cdc52a5d0258795",
          "version": "2.0.0"
        }
      }
    ]
  },
  "version": 1
}
